
Microsoft Visual Studio Solution File, Format Version 12.00
# Visual Studio Version 16
VisualStudioVersion = 16.0.30309.148
MinimumVisualStudioVersion = 10.0.40219.1
Project("{6EC3EE1D-3C4E-46DD-8F32-0CC8E7565705}") = "Anemonis.VisualStudio.LayoutManager", "Anemonis.VisualStudio.LayoutManager\Anemonis.VisualStudio.LayoutManager.fsproj", "{E27AB52C-279C-4D6F-82F7-FFD118A825D2}"
EndProject
Project("{6EC3EE1D-3C4E-46DD-8F32-0CC8E7565705}") = "Anemonis.VisualStudio.LayoutManager.UnitTests", "Anemonis.VisualStudio.LayoutManager.UnitTests\Anemonis.VisualStudio.LayoutManager.UnitTests.fsproj", "{54089315-54E3-4D93-A751-D8D4BF4D73FE}"
EndProject
Project("{2150E333-8FDC-42A3-9474-1A3956D46DE8}") = "Solution.Build", "Solution.Build", "{AA5A2636-C837-4979-A6B2-54150C27F67E}"
	ProjectSection(SolutionItems) = preProject
		Directory.Build.props = Directory.Build.props
		Directory.Build.targets = Directory.Build.targets
	EndProjectSection
EndProject
Global
	GlobalSection(SolutionConfigurationPlatforms) = preSolution
		Debug|Any CPU = Debug|Any CPU
		Release|Any CPU = Release|Any CPU
	EndGlobalSection
	GlobalSection(ProjectConfigurationPlatforms) = postSolution
		{E27AB52C-279C-4D6F-82F7-FFD118A825D2}.Debug|Any CPU.ActiveCfg = Debug|Any CPU
		{E27AB52C-279C-4D6F-82F7-FFD118A825D2}.Debug|Any CPU.Build.0 = Debug|Any CPU
		{E27AB52C-279C-4D6F-82F7-FFD118A825D2}.Release|Any CPU.ActiveCfg = Release|Any CPU
		{E27AB52C-279C-4D6F-82F7-FFD118A825D2}.Release|Any CPU.Build.0 = Release|Any CPU
		{54089315-54E3-4D93-A751-D8D4BF4D73FE}.Debug|Any CPU.ActiveCfg = Debug|Any CPU
		{54089315-54E3-4D93-A751-D8D4BF4D73FE}.Debug|Any CPU.Build.0 = Debug|Any CPU
		{54089315-54E3-4D93-A751-D8D4BF4D73FE}.Release|Any CPU.ActiveCfg = Release|Any CPU
		{54089315-54E3-4D93-A751-D8D4BF4D73FE}.Release|Any CPU.Build.0 = Release|Any CPU
	EndGlobalSection
	GlobalSection(SolutionProperties) = preSolution
		HideSolutionNode = FALSE
	EndGlobalSection
	GlobalSection(ExtensibilityGlobals) = postSolution
		SolutionGuid = {743A2202-B50D-4D0F-A105-C690C509F10A}
	EndGlobalSection
EndGlobal
